// !$*UTF8*$!
{
	archiveVersion = 1;
	classes = {
	};
	objectVersion = 55;
	objects = {

/* Begin PBXBuildFile section */
		9703774027D8D10A0016646D /* AppDelegate.swift in Sources */ = {isa = PBXBuildFile; fileRef = 9703773F27D8D10A0016646D /* AppDelegate.swift */; };
		9703774227D8D10A0016646D /* SceneDelegate.swift in Sources */ = {isa = PBXBuildFile; fileRef = 9703774127D8D10A0016646D /* SceneDelegate.swift */; };
		9703774427D8D10A0016646D /* ViewController.swift in Sources */ = {isa = PBXBuildFile; fileRef = 9703774327D8D10A0016646D /* ViewController.swift */; };
		9703774727D8D10A0016646D /* Main.storyboard in Resources */ = {isa = PBXBuildFile; fileRef = 9703774527D8D10A0016646D /* Main.storyboard */; };
		9703774927D8D10C0016646D /* Assets.xcassets in Resources */ = {isa = PBXBuildFile; fileRef = 9703774827D8D10C0016646D /* Assets.xcassets */; };
		9703774C27D8D10C0016646D /* LaunchScreen.storyboard in Resources */ = {isa = PBXBuildFile; fileRef = 9703774A27D8D10C0016646D /* LaunchScreen.storyboard */; };
		9703775727D8D10C0016646D /* PokedexTests.swift in Sources */ = {isa = PBXBuildFile; fileRef = 9703775627D8D10C0016646D /* PokedexTests.swift */; };
		9703776127D8D10C0016646D /* PokedexUITests.swift in Sources */ = {isa = PBXBuildFile; fileRef = 9703776027D8D10C0016646D /* PokedexUITests.swift */; };
		9703776327D8D10C0016646D /* PokedexUITestsLaunchTests.swift in Sources */ = {isa = PBXBuildFile; fileRef = 9703776227D8D10C0016646D /* PokedexUITestsLaunchTests.swift */; };
		970B5B7527DA77A40027A39B /* TableViewCell.swift in Sources */ = {isa = PBXBuildFile; fileRef = 970B5B7427DA77A40027A39B /* TableViewCell.swift */; };
		97EF4D0627D93C6D000AA4F3 /* DetailsViewController.swift in Sources */ = {isa = PBXBuildFile; fileRef = 97EF4D0527D93C6D000AA4F3 /* DetailsViewController.swift */; };
		97EF4D0A27D94034000AA4F3 /* Pokemon.swift in Sources */ = {isa = PBXBuildFile; fileRef = 97EF4D0927D94034000AA4F3 /* Pokemon.swift */; };
		97EF4D0D27D9445F000AA4F3 /* PokeService.swift in Sources */ = {isa = PBXBuildFile; fileRef = 97EF4D0C27D9445F000AA4F3 /* PokeService.swift */; };
/* End PBXBuildFile section */

/* Begin PBXContainerItemProxy section */
		9703775327D8D10C0016646D /* PBXContainerItemProxy */ = {
			isa = PBXContainerItemProxy;
			containerPortal = 9703773427D8D10A0016646D /* Project object */;
			proxyType = 1;
			remoteGlobalIDString = 9703773B27D8D10A0016646D;
			remoteInfo = Pokedex;
		};
		9703775D27D8D10C0016646D /* PBXContainerItemProxy */ = {
			isa = PBXContainerItemProxy;
			containerPortal = 9703773427D8D10A0016646D /* Project object */;
			proxyType = 1;
			remoteGlobalIDString = 9703773B27D8D10A0016646D;
			remoteInfo = Pokedex;
		};
/* End PBXContainerItemProxy section */

/* Begin PBXFileReference section */
		9703773C27D8D10A0016646D /* Pokedex.app */ = {isa = PBXFileReference; explicitFileType = wrapper.application; includeInIndex = 0; path = Pokedex.app; sourceTree = BUILT_PRODUCTS_DIR; };
		9703773F27D8D10A0016646D /* AppDelegate.swift */ = {isa = PBXFileReference; lastKnownFileType = sourcecode.swift; path = AppDelegate.swift; sourceTree = "<group>"; };
		9703774127D8D10A0016646D /* SceneDelegate.swift */ = {isa = PBXFileReference; lastKnownFileType = sourcecode.swift; path = SceneDelegate.swift; sourceTree = "<group>"; };
		9703774327D8D10A0016646D /* ViewController.swift */ = {isa = PBXFileReference; lastKnownFileType = sourcecode.swift; path = ViewController.swift; sourceTree = "<group>"; };
		9703774627D8D10A0016646D /* Base */ = {isa = PBXFileReference; lastKnownFileType = file.storyboard; name = Base; path = Base.lproj/Main.storyboard; sourceTree = "<group>"; };
		9703774827D8D10C0016646D /* Assets.xcassets */ = {isa = PBXFileReference; lastKnownFileType = folder.assetcatalog; path = Assets.xcassets; sourceTree = "<group>"; };
		9703774B27D8D10C0016646D /* Base */ = {isa = PBXFileReference; lastKnownFileType = file.storyboard; name = Base; path = Base.lproj/LaunchScreen.storyboard; sourceTree = "<group>"; };
		9703774D27D8D10C0016646D /* Info.plist */ = {isa = PBXFileReference; lastKnownFileType = text.plist.xml; path = Info.plist; sourceTree = "<group>"; };
		9703775227D8D10C0016646D /* PokedexTests.xctest */ = {isa = PBXFileReference; explicitFileType = wrapper.cfbundle; includeInIndex = 0; path = PokedexTests.xctest; sourceTree = BUILT_PRODUCTS_DIR; };
		9703775627D8D10C0016646D /* PokedexTests.swift */ = {isa = PBXFileReference; lastKnownFileType = sourcecode.swift; path = PokedexTests.swift; sourceTree = "<group>"; };
		9703775C27D8D10C0016646D /* PokedexUITests.xctest */ = {isa = PBXFileReference; explicitFileType = wrapper.cfbundle; includeInIndex = 0; path = PokedexUITests.xctest; sourceTree = BUILT_PRODUCTS_DIR; };
		9703776027D8D10C0016646D /* PokedexUITests.swift */ = {isa = PBXFileReference; lastKnownFileType = sourcecode.swift; path = PokedexUITests.swift; sourceTree = "<group>"; };
		9703776227D8D10C0016646D /* PokedexUITestsLaunchTests.swift */ = {isa = PBXFileReference; lastKnownFileType = sourcecode.swift; path = PokedexUITestsLaunchTests.swift; sourceTree = "<group>"; };
		970B5B7427DA77A40027A39B /* TableViewCell.swift */ = {isa = PBXFileReference; lastKnownFileType = sourcecode.swift; path = TableViewCell.swift; sourceTree = "<group>"; };
		97EF4D0527D93C6D000AA4F3 /* DetailsViewController.swift */ = {isa = PBXFileReference; lastKnownFileType = sourcecode.swift; path = DetailsViewController.swift; sourceTree = "<group>"; };
		97EF4D0927D94034000AA4F3 /* Pokemon.swift */ = {isa = PBXFileReference; lastKnownFileType = sourcecode.swift; path = Pokemon.swift; sourceTree = "<group>"; };
		97EF4D0C27D9445F000AA4F3 /* PokeService.swift */ = {isa = PBXFileReference; lastKnownFileType = sourcecode.swift; path = PokeService.swift; sourceTree = "<group>"; };
/* End PBXFileReference section */

/* Begin PBXFrameworksBuildPhase section */
		9703773927D8D10A0016646D /* Frameworks */ = {
			isa = PBXFrameworksBuildPhase;
			buildActionMask = 2147483647;
			files = (
			);
			runOnlyForDeploymentPostprocessing = 0;
		};
		9703774F27D8D10C0016646D /* Frameworks */ = {
			isa = PBXFrameworksBuildPhase;
			buildActionMask = 2147483647;
			files = (
			);
			runOnlyForDeploymentPostprocessing = 0;
		};
		9703775927D8D10C0016646D /* Frameworks */ = {
			isa = PBXFrameworksBuildPhase;
			buildActionMask = 2147483647;
			files = (
			);
			runOnlyForDeploymentPostprocessing = 0;
		};
/* End PBXFrameworksBuildPhase section */

/* Begin PBXGroup section */
		9703773327D8D10A0016646D = {
			isa = PBXGroup;
			children = (
				9703773E27D8D10A0016646D /* Pokedex */,
				9703775527D8D10C0016646D /* PokedexTests */,
				9703775F27D8D10C0016646D /* PokedexUITests */,
				9703773D27D8D10A0016646D /* Products */,
			);
			sourceTree = "<group>";
		};
		9703773D27D8D10A0016646D /* Products */ = {
			isa = PBXGroup;
			children = (
				9703773C27D8D10A0016646D /* Pokedex.app */,
				9703775227D8D10C0016646D /* PokedexTests.xctest */,
				9703775C27D8D10C0016646D /* PokedexUITests.xctest */,
			);
			name = Products;
			sourceTree = "<group>";
		};
		9703773E27D8D10A0016646D /* Pokedex */ = {
			isa = PBXGroup;
			children = (
				97EF4D0B27D94439000AA4F3 /* Services */,
				97EF4D0827D93F96000AA4F3 /* ViewControllers */,
				97EF4D0727D93F88000AA4F3 /* Models */,
				9703773F27D8D10A0016646D /* AppDelegate.swift */,
				9703774127D8D10A0016646D /* SceneDelegate.swift */,
				9703774527D8D10A0016646D /* Main.storyboard */,
				9703774827D8D10C0016646D /* Assets.xcassets */,
				9703774A27D8D10C0016646D /* LaunchScreen.storyboard */,
				9703774D27D8D10C0016646D /* Info.plist */,
			);
			path = Pokedex;
			sourceTree = "<group>";
		};
		9703775527D8D10C0016646D /* PokedexTests */ = {
			isa = PBXGroup;
			children = (
				9703775627D8D10C0016646D /* PokedexTests.swift */,
			);
			path = PokedexTests;
			sourceTree = "<group>";
		};
		9703775F27D8D10C0016646D /* PokedexUITests */ = {
			isa = PBXGroup;
			children = (
				9703776027D8D10C0016646D /* PokedexUITests.swift */,
				9703776227D8D10C0016646D /* PokedexUITestsLaunchTests.swift */,
			);
			path = PokedexUITests;
			sourceTree = "<group>";
		};
		97EF4D0727D93F88000AA4F3 /* Models */ = {
			isa = PBXGroup;
			children = (
				97EF4D0927D94034000AA4F3 /* Pokemon.swift */,
			);
			path = Models;
			sourceTree = "<group>";
		};
		97EF4D0827D93F96000AA4F3 /* ViewControllers */ = {
			isa = PBXGroup;
			children = (
				97EF4D0527D93C6D000AA4F3 /* DetailsViewController.swift */,
				9703774327D8D10A0016646D /* ViewController.swift */,
				970B5B7427DA77A40027A39B /* TableViewCell.swift */,
			);
			path = ViewControllers;
			sourceTree = "<group>";
		};
		97EF4D0B27D94439000AA4F3 /* Services */ = {
			isa = PBXGroup;
			children = (
				97EF4D0C27D9445F000AA4F3 /* PokeService.swift */,
			);
			path = Services;
			sourceTree = "<group>";
		};
/* End PBXGroup section */

/* Begin PBXNativeTarget section */
		9703773B27D8D10A0016646D /* Pokedex */ = {
			isa = PBXNativeTarget;
			buildConfigurationList = 9703776627D8D10C0016646D /* Build configuration list for PBXNativeTarget "Pokedex" */;
			buildPhases = (
				9703773827D8D10A0016646D /* Sources */,
				9703773927D8D10A0016646D /* Frameworks */,
				9703773A27D8D10A0016646D /* Resources */,
			);
			buildRules = (
			);
			dependencies = (
			);
			name = Pokedex;
			productName = Pokedex;
			productReference = 9703773C27D8D10A0016646D /* Pokedex.app */;
			productType = "com.apple.product-type.application";
		};
		9703775127D8D10C0016646D /* PokedexTests */ = {
			isa = PBXNativeTarget;
			buildConfigurationList = 9703776927D8D10C0016646D /* Build configuration list for PBXNativeTarget "PokedexTests" */;
			buildPhases = (
				9703774E27D8D10C0016646D /* Sources */,
				9703774F27D8D10C0016646D /* Frameworks */,
				9703775027D8D10C0016646D /* Resources */,
			);
			buildRules = (
			);
			dependencies = (
				9703775427D8D10C0016646D /* PBXTargetDependency */,
			);
			name = PokedexTests;
			productName = PokedexTests;
			productReference = 9703775227D8D10C0016646D /* PokedexTests.xctest */;
			productType = "com.apple.product-type.bundle.unit-test";
		};
		9703775B27D8D10C0016646D /* PokedexUITests */ = {
			isa = PBXNativeTarget;
			buildConfigurationList = 9703776C27D8D10C0016646D /* Build configuration list for PBXNativeTarget "PokedexUITests" */;
			buildPhases = (
				9703775827D8D10C0016646D /* Sources */,
				9703775927D8D10C0016646D /* Frameworks */,
				9703775A27D8D10C0016646D /* Resources */,
			);
			buildRules = (
			);
			dependencies = (
				9703775E27D8D10C0016646D /* PBXTargetDependency */,
			);
			name = PokedexUITests;
			productName = PokedexUITests;
			productReference = 9703775C27D8D10C0016646D /* PokedexUITests.xctest */;
			productType = "com.apple.product-type.bundle.ui-testing";
		};
/* End PBXNativeTarget section */

/* Begin PBXProject section */
		9703773427D8D10A0016646D /* Project object */ = {
			isa = PBXProject;
			attributes = {
				BuildIndependentTargetsInParallel = 1;
				LastSwiftUpdateCheck = 1320;
				LastUpgradeCheck = 1320;
				TargetAttributes = {
					9703773B27D8D10A0016646D = {
						CreatedOnToolsVersion = 13.2.1;
					};
					9703775127D8D10C0016646D = {
						CreatedOnToolsVersion = 13.2.1;
						TestTargetID = 9703773B27D8D10A0016646D;
					};
					9703775B27D8D10C0016646D = {
						CreatedOnToolsVersion = 13.2.1;
						TestTargetID = 9703773B27D8D10A0016646D;
					};
				};
			};
			buildConfigurationList = 9703773727D8D10A0016646D /* Build configuration list for PBXProject "Pokedex" */;
			compatibilityVersion = "Xcode 13.0";
			developmentRegion = en;
			hasScannedForEncodings = 0;
			knownRegions = (
				en,
				Base,
			);
			mainGroup = 9703773327D8D10A0016646D;
			productRefGroup = 9703773D27D8D10A0016646D /* Products */;
			projectDirPath = "";
			projectRoot = "";
			targets = (
				9703773B27D8D10A0016646D /* Pokedex */,
				9703775127D8D10C0016646D /* PokedexTests */,
				9703775B27D8D10C0016646D /* PokedexUITests */,
			);
		};
/* End PBXProject section */

/* Begin PBXResourcesBuildPhase section */
		9703773A27D8D10A0016646D /* Resources */ = {
			isa = PBXResourcesBuildPhase;
			buildActionMask = 2147483647;
			files = (
				9703774C27D8D10C0016646D /* LaunchScreen.storyboard in Resources */,
				9703774927D8D10C0016646D /* Assets.xcassets in Resources */,
				9703774727D8D10A0016646D /* Main.storyboard in Resources */,
			);
			runOnlyForDeploymentPostprocessing = 0;
		};
		9703775027D8D10C0016646D /* Resources */ = {
			isa = PBXResourcesBuildPhase;
			buildActionMask = 2147483647;
			files = (
			);
			runOnlyForDeploymentPostprocessing = 0;
		};
		9703775A27D8D10C0016646D /* Resources */ = {
			isa = PBXResourcesBuildPhase;
			buildActionMask = 2147483647;
			files = (
			);
			runOnlyForDeploymentPostprocessing = 0;
		};
/* End PBXResourcesBuildPhase section */

/* Begin PBXSourcesBuildPhase section */
		9703773827D8D10A0016646D /* Sources */ = {
			isa = PBXSourcesBuildPhase;
			buildActionMask = 2147483647;
			files = (
				97EF4D0A27D94034000AA4F3 /* Pokemon.swift in Sources */,
				9703774427D8D10A0016646D /* ViewController.swift in Sources */,
				97EF4D0D27D9445F000AA4F3 /* PokeService.swift in Sources */,
				9703774027D8D10A0016646D /* AppDelegate.swift in Sources */,
				9703774227D8D10A0016646D /* SceneDelegate.swift in Sources */,
				970B5B7527DA77A40027A39B /* TableViewCell.swift in Sources */,
				97EF4D0627D93C6D000AA4F3 /* DetailsViewController.swift in Sources */,
			);
			runOnlyForDeploymentPostprocessing = 0;
		};
		9703774E27D8D10C0016646D /* Sources */ = {
			isa = PBXSourcesBuildPhase;
			buildActionMask = 2147483647;
			files = (
				9703775727D8D10C0016646D /* PokedexTests.swift in Sources */,
			);
			runOnlyForDeploymentPostprocessing = 0;
		};
		9703775827D8D10C0016646D /* Sources */ = {
			isa = PBXSourcesBuildPhase;
			buildActionMask = 2147483647;
			files = (
				9703776127D8D10C0016646D /* PokedexUITests.swift in Sources */,
				9703776327D8D10C0016646D /* PokedexUITestsLaunchTests.swift in Sources */,
			);
			runOnlyForDeploymentPostprocessing = 0;
		};
/* End PBXSourcesBuildPhase section */

/* Begin PBXTargetDependency section */
		9703775427D8D10C0016646D /* PBXTargetDependency */ = {
			isa = PBXTargetDependency;
			target = 9703773B27D8D10A0016646D /* Pokedex */;
			targetProxy = 9703775327D8D10C0016646D /* PBXContainerItemProxy */;
		};
		9703775E27D8D10C0016646D /* PBXTargetDependency */ = {
			isa = PBXTargetDependency;
			target = 9703773B27D8D10A0016646D /* Pokedex */;
			targetProxy = 9703775D27D8D10C0016646D /* PBXContainerItemProxy */;
		};
/* End PBXTargetDependency section */

/* Begin PBXVariantGroup section */
		9703774527D8D10A0016646D /* Main.storyboard */ = {
			isa = PBXVariantGroup;
			children = (
				9703774627D8D10A0016646D /* Base */,
			);
			name = Main.storyboard;
			sourceTree = "<group>";
		};
		9703774A27D8D10C0016646D /* LaunchScreen.storyboard */ = {
			isa = PBXVariantGroup;
			children = (
				9703774B27D8D10C0016646D /* Base */,
			);
			name = LaunchScreen.storyboard;
			sourceTree = "<group>";
		};
/* End PBXVariantGroup section */

/* Begin XCBuildConfiguration section */
		9703776427D8D10C0016646D /* Debug */ = {
			isa = XCBuildConfiguration;
			buildSettings = {
				ALWAYS_SEARCH_USER_PATHS = NO;
				CLANG_ANALYZER_NONNULL = YES;
				CLANG_ANALYZER_NUMBER_OBJECT_CONVERSION = YES_AGGRESSIVE;
				CLANG_CXX_LANGUAGE_STANDARD = "gnu++17";
				CLANG_CXX_LIBRARY = "libc++";
				CLANG_ENABLE_MODULES = YES;
				CLANG_ENABLE_OBJC_ARC = YES;
				CLANG_ENABLE_OBJC_WEAK = YES;
				CLANG_WARN_BLOCK_CAPTURE_AUTORELEASING = YES;
				CLANG_WARN_BOOL_CONVERSION = YES;
				CLANG_WARN_COMMA = YES;
				CLANG_WARN_CONSTANT_CONVERSION = YES;
				CLANG_WARN_DEPRECATED_OBJC_IMPLEMENTATIONS = YES;
				CLANG_WARN_DIRECT_OBJC_ISA_USAGE = YES_ERROR;
				CLANG_WARN_DOCUMENTATION_COMMENTS = YES;
				CLANG_WARN_EMPTY_BODY = YES;
				CLANG_WARN_ENUM_CONVERSION = YES;
				CLANG_WARN_INFINITE_RECURSION = YES;
				CLANG_WARN_INT_CONVERSION = YES;
				CLANG_WARN_NON_LITERAL_NULL_CONVERSION = YES;
				CLANG_WARN_OBJC_IMPLICIT_RETAIN_SELF = YES;
				CLANG_WARN_OBJC_LITERAL_CONVERSION = YES;
				CLANG_WARN_OBJC_ROOT_CLASS = YES_ERROR;
				CLANG_WARN_QUOTED_INCLUDE_IN_FRAMEWORK_HEADER = YES;
				CLANG_WARN_RANGE_LOOP_ANALYSIS = YES;
				CLANG_WARN_STRICT_PROTOTYPES = YES;
				CLANG_WARN_SUSPICIOUS_MOVE = YES;
				CLANG_WARN_UNGUARDED_AVAILABILITY = YES_AGGRESSIVE;
				CLANG_WARN_UNREACHABLE_CODE = YES;
				CLANG_WARN__DUPLICATE_METHOD_MATCH = YES;
				COPY_PHASE_STRIP = NO;
				DEBUG_INFORMATION_FORMAT = dwarf;
				ENABLE_STRICT_OBJC_MSGSEND = YES;
				ENABLE_TESTABILITY = YES;
				GCC_C_LANGUAGE_STANDARD = gnu11;
				GCC_DYNAMIC_NO_PIC = NO;
				GCC_NO_COMMON_BLOCKS = YES;
				GCC_OPTIMIZATION_LEVEL = 0;
				GCC_PREPROCESSOR_DEFINITIONS = (
					"DEBUG=1",
					"$(inherited)",
				);
				GCC_WARN_64_TO_32_BIT_CONVERSION = YES;
				GCC_WARN_ABOUT_RETURN_TYPE = YES_ERROR;
				GCC_WARN_UNDECLARED_SELECTOR = YES;
				GCC_WARN_UNINITIALIZED_AUTOS = YES_AGGRESSIVE;
				GCC_WARN_UNUSED_FUNCTION = YES;
				GCC_WARN_UNUSED_VARIABLE = YES;
				IPHONEOS_DEPLOYMENT_TARGET = 15.2;
				MTL_ENABLE_DEBUG_INFO = INCLUDE_SOURCE;
				MTL_FAST_MATH = YES;
				ONLY_ACTIVE_ARCH = YES;
				SDKROOT = iphoneos;
				SWIFT_ACTIVE_COMPILATION_CONDITIONS = DEBUG;
				SWIFT_OPTIMIZATION_LEVEL = "-Onone";
			};
			name = Debug;
		};
		9703776527D8D10C0016646D /* Release */ = {
			isa = XCBuildConfiguration;
			buildSettings = {
				ALWAYS_SEARCH_USER_PATHS = NO;
				CLANG_ANALYZER_NONNULL = YES;
				CLANG_ANALYZER_NUMBER_OBJECT_CONVERSION = YES_AGGRESSIVE;
				CLANG_CXX_LANGUAGE_STANDARD = "gnu++17";
				CLANG_CXX_LIBRARY = "libc++";
				CLANG_ENABLE_MODULES = YES;
				CLANG_ENABLE_OBJC_ARC = YES;
				CLANG_ENABLE_OBJC_WEAK = YES;
				CLANG_WARN_BLOCK_CAPTURE_AUTORELEASING = YES;
				CLANG_WARN_BOOL_CONVERSION = YES;
				CLANG_WARN_COMMA = YES;
				CLANG_WARN_CONSTANT_CONVERSION = YES;
				CLANG_WARN_DEPRECATED_OBJC_IMPLEMENTATIONS = YES;
				CLANG_WARN_DIRECT_OBJC_ISA_USAGE = YES_ERROR;
				CLANG_WARN_DOCUMENTATION_COMMENTS = YES;
				CLANG_WARN_EMPTY_BODY = YES;
				CLANG_WARN_ENUM_CONVERSION = YES;
				CLANG_WARN_INFINITE_RECURSION = YES;
				CLANG_WARN_INT_CONVERSION = YES;
				CLANG_WARN_NON_LITERAL_NULL_CONVERSION = YES;
				CLANG_WARN_OBJC_IMPLICIT_RETAIN_SELF = YES;
				CLANG_WARN_OBJC_LITERAL_CONVERSION = YES;
				CLANG_WARN_OBJC_ROOT_CLASS = YES_ERROR;
				CLANG_WARN_QUOTED_INCLUDE_IN_FRAMEWORK_HEADER = YES;
				CLANG_WARN_RANGE_LOOP_ANALYSIS = YES;
				CLANG_WARN_STRICT_PROTOTYPES = YES;
				CLANG_WARN_SUSPICIOUS_MOVE = YES;
				CLANG_WARN_UNGUARDED_AVAILABILITY = YES_AGGRESSIVE;
				CLANG_WARN_UNREACHABLE_CODE = YES;
				CLANG_WARN__DUPLICATE_METHOD_MATCH = YES;
				COPY_PHASE_STRIP = NO;
				DEBUG_INFORMATION_FORMAT = "dwarf-with-dsym";
				ENABLE_NS_ASSERTIONS = NO;
				ENABLE_STRICT_OBJC_MSGSEND = YES;
				GCC_C_LANGUAGE_STANDARD = gnu11;
				GCC_NO_COMMON_BLOCKS = YES;
				GCC_WARN_64_TO_32_BIT_CONVERSION = YES;
				GCC_WARN_ABOUT_RETURN_TYPE = YES_ERROR;
				GCC_WARN_UNDECLARED_SELECTOR = YES;
				GCC_WARN_UNINITIALIZED_AUTOS = YES_AGGRESSIVE;
				GCC_WARN_UNUSED_FUNCTION = YES;
				GCC_WARN_UNUSED_VARIABLE = YES;
				IPHONEOS_DEPLOYMENT_TARGET = 15.2;
				MTL_ENABLE_DEBUG_INFO = NO;
				MTL_FAST_MATH = YES;
				SDKROOT = iphoneos;
				SWIFT_COMPILATION_MODE = wholemodule;
				SWIFT_OPTIMIZATION_LEVEL = "-O";
				VALIDATE_PRODUCT = YES;
			};
			name = Release;
		};
		9703776727D8D10C0016646D /* Debug */ = {
			isa = XCBuildConfiguration;
			buildSettings = {
				ASSETCATALOG_COMPILER_APPICON_NAME = AppIcon;
				ASSETCATALOG_COMPILER_GLOBAL_ACCENT_COLOR_NAME = AccentColor;
				CODE_SIGN_STYLE = Automatic;
				CURRENT_PROJECT_VERSION = 1;
				GENERATE_INFOPLIST_FILE = YES;
				INFOPLIST_FILE = Pokedex/Info.plist;
				INFOPLIST_KEY_UIApplicationSupportsIndirectInputEvents = YES;
				INFOPLIST_KEY_UILaunchStoryboardName = LaunchScreen;
				INFOPLIST_KEY_UIMainStoryboardFile = Main;
				INFOPLIST_KEY_UISupportedInterfaceOrientations_iPad = "UIInterfaceOrientationPortrait UIInterfaceOrientationPortraitUpsideDown UIInterfaceOrientationLandscapeLeft UIInterfaceOrientationLandscapeRight";
				INFOPLIST_KEY_UISupportedInterfaceOrientations_iPhone = "UIInterfaceOrientationPortrait UIInterfaceOrientationLandscapeLeft UIInterfaceOrientationLandscapeRight";
				LD_RUNPATH_SEARCH_PATHS = (
					"$(inherited)",
					"@executable_path/Frameworks",
				);
				MARKETING_VERSION = 1.0;
				PRODUCT_BUNDLE_IDENTIFIER = Julias.Pokedex;
				PRODUCT_NAME = "$(TARGET_NAME)";
				SWIFT_EMIT_LOC_STRINGS = YES;
				SWIFT_VERSION = 5.0;
				TARGETED_DEVICE_FAMILY = "1,2";
			};
			name = Debug;
		};
		9703776827D8D10C0016646D /* Release */ = {
			isa = XCBuildConfiguration;
			buildSettings = {
				ASSETCATALOG_COMPILER_APPICON_NAME = AppIcon;
				ASSETCATALOG_COMPILER_GLOBAL_ACCENT_COLOR_NAME = AccentColor;
				CODE_SIGN_STYLE = Automatic;
				CURRENT_PROJECT_VERSION = 1;
				GENERATE_INFOPLIST_FILE = YES;
				INFOPLIST_FILE = Pokedex/Info.plist;
				INFOPLIST_KEY_UIApplicationSupportsIndirectInputEvents = YES;
				INFOPLIST_KEY_UILaunchStoryboardName = LaunchScreen;
				INFOPLIST_KEY_UIMainStoryboardFile = Main;
				INFOPLIST_KEY_UISupportedInterfaceOrientations_iPad = "UIInterfaceOrientationPortrait UIInterfaceOrientationPortraitUpsideDown UIInterfaceOrientationLandscapeLeft UIInterfaceOrientationLandscapeRight";
				INFOPLIST_KEY_UISupportedInterfaceOrientations_iPhone = "UIInterfaceOrientationPortrait UIInterfaceOrientationLandscapeLeft UIInterfaceOrientationLandscapeRight";
				LD_RUNPATH_SEARCH_PATHS = (
					"$(inherited)",
					"@executable_path/Frameworks",
				);
				MARKETING_VERSION = 1.0;
				PRODUCT_BUNDLE_IDENTIFIER = Julias.Pokedex;
				PRODUCT_NAME = "$(TARGET_NAME)";
				SWIFT_EMIT_LOC_STRINGS = YES;
				SWIFT_VERSION = 5.0;
				TARGETED_DEVICE_FAMILY = "1,2";
			};
			name = Release;
		};
		9703776A27D8D10C0016646D /* Debug */ = {
			isa = XCBuildConfiguration;
			buildSettings = {
				ALWAYS_EMBED_SWIFT_STANDARD_LIBRARIES = YES;
				BUNDLE_LOADER = "$(TEST_HOST)";
				CODE_SIGN_STYLE = Automatic;
				CURRENT_PROJECT_VERSION = 1;
				GENERATE_INFOPLIST_FILE = YES;
				IPHONEOS_DEPLOYMENT_TARGET = 15.2;
				MARKETING_VERSION = 1.0;
				PRODUCT_BUNDLE_IDENTIFIER = Julias.PokedexTests;
				PRODUCT_NAME = "$(TARGET_NAME)";
				SWIFT_EMIT_LOC_STRINGS = NO;
				SWIFT_VERSION = 5.0;
				TARGETED_DEVICE_FAMILY = "1,2";
				TEST_HOST = "$(BUILT_PRODUCTS_DIR)/Pokedex.app/Pokedex";
			};
			name = Debug;
		};
		9703776B27D8D10C0016646D /* Release */ = {
			isa = XCBuildConfiguration;
			buildSettings = {
				ALWAYS_EMBED_SWIFT_STANDARD_LIBRARIES = YES;
				BUNDLE_LOADER = "$(TEST_HOST)";
				CODE_SIGN_STYLE = Automatic;
				CURRENT_PROJECT_VERSION = 1;
				GENERATE_INFOPLIST_FILE = YES;
				IPHONEOS_DEPLOYMENT_TARGET = 15.2;
				MARKETING_VERSION = 1.0;
				PRODUCT_BUNDLE_IDENTIFIER = Julias.PokedexTests;
				PRODUCT_NAME = "$(TARGET_NAME)";
				SWIFT_EMIT_LOC_STRINGS = NO;
				SWIFT_VERSION = 5.0;
				TARGETED_DEVICE_FAMILY = "1,2";
				TEST_HOST = "$(BUILT_PRODUCTS_DIR)/Pokedex.app/Pokedex";
			};
			name = Release;
		};
		9703776D27D8D10C0016646D /* Debug */ = {
			isa = XCBuildConfiguration;
			buildSettings = {
				ALWAYS_EMBED_SWIFT_STANDARD_LIBRARIES = YES;
				CODE_SIGN_STYLE = Automatic;
				CURRENT_PROJECT_VERSION = 1;
				GENERATE_INFOPLIST_FILE = YES;
				MARKETING_VERSION = 1.0;
				PRODUCT_BUNDLE_IDENTIFIER = Julias.PokedexUITests;
				PRODUCT_NAME = "$(TARGET_NAME)";
				SWIFT_EMIT_LOC_STRINGS = NO;
				SWIFT_VERSION = 5.0;
				TARGETED_DEVICE_FAMILY = "1,2";
				TEST_TARGET_NAME = Pokedex;
			};
			name = Debug;
		};
		9703776E27D8D10C0016646D /* Release */ = {
			isa = XCBuildConfiguration;
			buildSettings = {
				ALWAYS_EMBED_SWIFT_STANDARD_LIBRARIES = YES;
				CODE_SIGN_STYLE = Automatic;
				CURRENT_PROJECT_VERSION = 1;
				GENERATE_INFOPLIST_FILE = YES;
				MARKETING_VERSION = 1.0;
				PRODUCT_BUNDLE_IDENTIFIER = Julias.PokedexUITests;
				PRODUCT_NAME = "$(TARGET_NAME)";
				SWIFT_EMIT_LOC_STRINGS = NO;
				SWIFT_VERSION = 5.0;
				TARGETED_DEVICE_FAMILY = "1,2";
				TEST_TARGET_NAME = Pokedex;
			};
			name = Release;
		};
/* End XCBuildConfiguration section */

/* Begin XCConfigurationList section */
		9703773727D8D10A0016646D /* Build configuration list for PBXProject "Pokedex" */ = {
			isa = XCConfigurationList;
			buildConfigurations = (
				9703776427D8D10C0016646D /* Debug */,
				9703776527D8D10C0016646D /* Release */,
			);
			defaultConfigurationIsVisible = 0;
			defaultConfigurationName = Release;
		};
		9703776627D8D10C0016646D /* Build configuration list for PBXNativeTarget "Pokedex" */ = {
			isa = XCConfigurationList;
			buildConfigurations = (
				9703776727D8D10C0016646D /* Debug */,
				9703776827D8D10C0016646D /* Release */,
			);
			defaultConfigurationIsVisible = 0;
			defaultConfigurationName = Release;
		};
		9703776927D8D10C0016646D /* Build configuration list for PBXNativeTarget "PokedexTests" */ = {
			isa = XCConfigurationList;
			buildConfigurations = (
				9703776A27D8D10C0016646D /* Debug */,
				9703776B27D8D10C0016646D /* Release */,
			);
			defaultConfigurationIsVisible = 0;
			defaultConfigurationName = Release;
		};
		9703776C27D8D10C0016646D /* Build configuration list for PBXNativeTarget "PokedexUITests" */ = {
			isa = XCConfigurationList;
			buildConfigurations = (
				9703776D27D8D10C0016646D /* Debug */,
				9703776E27D8D10C0016646D /* Release */,
			);
			defaultConfigurationIsVisible = 0;
			defaultConfigurationName = Release;
		};
/* End XCConfigurationList section */
	};
	rootObject = 9703773427D8D10A0016646D /* Project object */;
}
